{
  "originHash" : "33b8c6cd130c4f6388089182382fd9b7c730d5a09e149b1d18c6387a58f2c667",
  "pins" : [
    {
      "identity" : "grdb.swift",
      "kind" : "remoteSourceControl",
      "location" : "https://github.com/groue/GRDB.swift.git",
      "state" : {
        "revision" : "b83108d10f42680d78f23fe4d4d80fc88dab3212",
        "version" : "7.11.1"
      }
    },
    {
      "identity" : "swiftaa",
      "kind" : "remoteSourceControl",
      "location" : "https://github.com/onekiloparsec/SwiftAA.git",
      "state" : {
        "revision" : "18a291abe9c31e483ab4f573da87d050735f434d",
        "version" : "2.4.0"
      }
    }
  ],
  "version" : 3
}
